// !$*UTF8*$!
{
	archiveVersion = 1;
	classes = {
	};
	objectVersion = 77;
	objects = {

/* Begin PBXContainerItemProxy section */
		391141F72F8B7C8A00DB3012 /* PBXContainerItemProxy */ = {
			isa = PBXContainerItemProxy;
			containerPortal = 391141DF2F8B7C8800DB3012 /* Project object */;
			proxyType = 1;
			remoteGlobalIDString = 391141E62F8B7C8800DB3012;
			remoteInfo = StackDex;
		};
		391142012F8B7C8A00DB3012 /* PBXContainerItemProxy */ = {
			isa = PBXContainerItemProxy;
			containerPortal = 391141DF2F8B7C8800DB3012 /* Project object */;
			proxyType = 1;
			remoteGlobalIDString = 391141E62F8B7C8800DB3012;
			remoteInfo = StackDex;
		};
/* End PBXContainerItemProxy section */

/* Begin PBXFileReference section */
		391141E72F8B7C8800DB3012 /* StackDex.app */ = {isa = PBXFileReference; explicitFileType = wrapper.application; includeInIndex = 0; path = StackDex.app; sourceTree = BUILT_PRODUCTS_DIR; };
		391141F62F8B7C8A00DB3012 /* StackDexTests.xctest */ = {isa = PBXFileReference; explicitFileType = wrapper.cfbundle; includeInIndex = 0; path = StackDexTests.xctest; sourceTree = BUILT_PRODUCTS_DIR; };
		391142002F8B7C8A00DB3012 /* StackDexUITests.xctest */ = {isa = PBXFileReference; explicitFileType = wrapper.cfbundle; includeInIndex = 0; path = StackDexUITests.xctest; sourceTree = BUILT_PRODUCTS_DIR; };
/* End PBXFileReference section */

/* Begin PBXFileSystemSynchronizedRootGroup section */
		391141E92F8B7C8800DB3012 /* StackDex */ = {
			isa = PBXFileSystemSynchronizedRootGroup;
			path = StackDex;
			sourceTree = "<group>";
		};
		391141F92F8B7C8A00DB3012 /* StackDexTests */ = {
			isa = PBXFileSystemSynchronizedRootGroup;
			path = StackDexTests;
			sourceTree = "<group>";
		};
		391142032F8B7C8A00DB3012 /* StackDexUITests */ = {
			isa = PBXFileSystemSynchronizedRootGroup;
			path = StackDexUITests;
			sourceTree = "<group>";
		};
/* End PBXFileSystemSynchronizedRootGroup section */

/* Begin PBXFrameworksBuildPhase section */
		391141E42F8B7C8800DB3012 /* Frameworks */ = {
			isa = PBXFrameworksBuildPhase;
			buildActionMask = 2147483647;
			files = (
			);
			runOnlyForDeploymentPostprocessing = 0;
		};
		391141F32F8B7C8A00DB3012 /* Frameworks */ = {
			isa = PBXFrameworksBuildPhase;
			buildActionMask = 2147483647;
			files = (
			);
			runOnlyForDeploymentPostprocessing = 0;
		};
		391141FD2F8B7C8A00DB3012 /* Frameworks */ = {
			isa = PBXFrameworksBuildPhase;
			buildActionMask = 2147483647;
			files = (
			);
			runOnlyForDeploymentPostprocessing = 0;
		};
/* End PBXFrameworksBuildPhase section */

/* Begin PBXGroup section */
		391141DE2F8B7C8800DB3012 = {
			isa = PBXGroup;
			children = (
				391141E92F8B7C8800DB3012 /* StackDex */,
				391141F92F8B7C8A00DB3012 /* StackDexTests */,
				391142032F8B7C8A00DB3012 /* StackDexUITests */,
				391141E82F8B7C8800DB3012 /* Products */,
			);
			sourceTree = "<group>";
		};
		391141E82F8B7C8800DB3012 /* Products */ = {
			isa = PBXGroup;
			children = (
				391141E72F8B7C8800DB3012 /* StackDex.app */,
				391141F62F8B7C8A00DB3012 /* StackDexTests.xctest */,
				391142002F8B7C8A00DB3012 /* StackDexUITests.xctest */,
			);
			name = Products;
			sourceTree = "<group>";
		};
/* End PBXGroup section */

/* Begin PBXNativeTarget section */
		391141E62F8B7C8800DB3012 /* StackDex */ = {
			isa = PBXNativeTarget;
			buildConfigurationList = 3911420A2F8B7C8A00DB3012 /* Build configuration list for PBXNativeTarget "StackDex" */;
			buildPhases = (
				391141E32F8B7C8800DB3012 /* Sources */,
				391141E42F8B7C8800DB3012 /* Frameworks */,
				391141E52F8B7C8800DB3012 /* Resources */,
			);
			buildRules = (
			);
			dependencies = (
			);
			fileSystemSynchronizedGroups = (
				391141E92F8B7C8800DB3012 /* StackDex */,
			);
			name = StackDex;
			packageProductDependencies = (
			);
			productName = StackDex;
			productReference = 391141E72F8B7C8800DB3012 /* StackDex.app */;
			productType = "com.apple.product-type.application";
		};
		391141F52F8B7C8A00DB3012 /* StackDexTests */ = {
			isa = PBXNativeTarget;
			buildConfigurationList = 3911420D2F8B7C8A00DB3012 /* Build configuration list for PBXNativeTarget "StackDexTests" */;
			buildPhases = (
				391141F22F8B7C8A00DB3012 /* Sources */,
				391141F32F8B7C8A00DB3012 /* Frameworks */,
				391141F42F8B7C8A00DB3012 /* Resources */,
			);
			buildRules = (
			);
			dependencies = (
				391141F82F8B7C8A00DB3012 /* PBXTargetDependency */,
			);
			fileSystemSynchronizedGroups = (
				391141F92F8B7C8A00DB3012 /* StackDexTests */,
			);
			name = StackDexTests;
			packageProductDependencies = (
			);
			productName = StackDexTests;
			productReference = 391141F62F8B7C8A00DB3012 /* StackDexTests.xctest */;
			productType = "com.apple.product-type.bundle.unit-test";
		};
		391141FF2F8B7C8A00DB3012 /* StackDexUITests */ = {
			isa = PBXNativeTarget;
			buildConfigurationList = 391142102F8B7C8A00DB3012 /* Build configuration list for PBXNativeTarget "StackDexUITests" */;
			buildPhases = (
				391141FC2F8B7C8A00DB3012 /* Sources */,
				391141FD2F8B7C8A00DB3012 /* Frameworks */,
				391141FE2F8B7C8A00DB3012 /* Resources */,
			);
			buildRules = (
			);
			dependencies = (
				391142022F8B7C8A00DB3012 /* PBXTargetDependency */,
			);
			fileSystemSynchronizedGroups = (
				391142032F8B7C8A00DB3012 /* StackDexUITests */,
			);
			name = StackDexUITests;
			packageProductDependencies = (
			);
			productName = StackDexUITests;
			productReference = 391142002F8B7C8A00DB3012 /* StackDexUITests.xctest */;
			productType = "com.apple.product-type.bundle.ui-testing";
		};
/* End PBXNativeTarget section */

/* Begin PBXProject section */
		391141DF2F8B7C8800DB3012 /* Project object */ = {
			isa = PBXProject;
			attributes = {
				BuildIndependentTargetsInParallel = 1;
				LastSwiftUpdateCheck = 2630;
				LastUpgradeCheck = 2630;
				TargetAttributes = {
					391141E62F8B7C8800DB3012 = {
						CreatedOnToolsVersion = 26.3;
					};
					391141F52F8B7C8A00DB3012 = {
						CreatedOnToolsVersion = 26.3;
						TestTargetID = 391141E62F8B7C8800DB3012;
					};
					391141FF2F8B7C8A00DB3012 = {
						CreatedOnToolsVersion = 26.3;
						TestTargetID = 391141E62F8B7C8800DB3012;
					};
				};
			};
			buildConfigurationList = 391141E22F8B7C8800DB3012 /* Build configuration list for PBXProject "StackDex" */;
			developmentRegion = en;
			hasScannedForEncodings = 0;
			knownRegions = (
				en,
				Base,
			);
			mainGroup = 391141DE2F8B7C8800DB3012;
			minimizedProjectReferenceProxies = 1;
			preferredProjectObjectVersion = 77;
			productRefGroup = 391141E82F8B7C8800DB3012 /* Products */;
			projectDirPath = "";
			projectRoot = "";
			targets = (
				391141E62F8B7C8800DB3012 /* StackDex */,
				391141F52F8B7C8A00DB3012 /* StackDexTests */,
				391141FF2F8B7C8A00DB3012 /* StackDexUITests */,
			);
		};
/* End PBXProject section */

/* Begin PBXResourcesBuildPhase section */
		391141E52F8B7C8800DB3012 /* Resources */ = {
			isa = PBXResourcesBuildPhase;
			buildActionMask = 2147483647;
			files = (
			);
			runOnlyForDeploymentPostprocessing = 0;
		};
		391141F42F8B7C8A00DB3012 /* Resources */ = {
			isa = PBXResourcesBuildPhase;
			buildActionMask = 2147483647;
			files = (
			);
			runOnlyForDeploymentPostprocessing = 0;
		};
		391141FE2F8B7C8A00DB3012 /* Resources */ = {
			isa = PBXResourcesBuildPhase;
			buildActionMask = 2147483647;
			files = (
			);
			runOnlyForDeploymentPostprocessing = 0;
		};
/* End PBXResourcesBuildPhase section */

/* Begin PBXSourcesBuildPhase section */
		391141E32F8B7C8800DB3012 /* Sources */ = {
			isa = PBXSourcesBuildPhase;
			buildActionMask = 2147483647;
			files = (
			);
			runOnlyForDeploymentPostprocessing = 0;
		};
		391141F22F8B7C8A00DB3012 /* Sources */ = {
			isa = PBXSourcesBuildPhase;
			buildActionMask = 2147483647;
			files = (
			);
			runOnlyForDeploymentPostprocessing = 0;
		};
		391141FC2F8B7C8A00DB3012 /* Sources */ = {
			isa = PBXSourcesBuildPhase;
			buildActionMask = 2147483647;
			files = (
			);
			runOnlyForDeploymentPostprocessing = 0;
		};
/* End PBXSourcesBuildPhase section */

/* Begin PBXTargetDependency section */
		391141F82F8B7C8A00DB3012 /* PBXTargetDependency */ = {
			isa = PBXTargetDependency;
			target = 391141E62F8B7C8800DB3012 /* StackDex */;
			targetProxy = 391141F72F8B7C8A00DB3012 /* PBXContainerItemProxy */;
		};
		391142022F8B7C8A00DB3012 /* PBXTargetDependency */ = {
			isa = PBXTargetDependency;
			target = 391141E62F8B7C8800DB3012 /* StackDex */;
			targetProxy = 391142012F8B7C8A00DB3012 /* PBXContainerItemProxy */;
		};
/* End PBXTargetDependency section */

/* Begin XCBuildConfiguration section */
		391142082F8B7C8A00DB3012 /* Debug */ = {
			isa = XCBuildConfiguration;
			buildSettings = {
				ALWAYS_SEARCH_USER_PATHS = NO;
				ASSETCATALOG_COMPILER_GENERATE_SWIFT_ASSET_SYMBOL_EXTENSIONS = YES;
				CLANG_ANALYZER_NONNULL = YES;
				CLANG_ANALYZER_NUMBER_OBJECT_CONVERSION = YES_AGGRESSIVE;
				CLANG_CXX_LANGUAGE_STANDARD = "gnu++20";
				CLANG_ENABLE_MODULES = YES;
				CLANG_ENABLE_OBJC_ARC = YES;
				CLANG_ENABLE_OBJC_WEAK = YES;
				CLANG_WARN_BLOCK_CAPTURE_AUTORELEASING = YES;
				CLANG_WARN_BOOL_CONVERSION = YES;
				CLANG_WARN_COMMA = YES;
				CLANG_WARN_CONSTANT_CONVERSION = YES;
				CLANG_WARN_DEPRECATED_OBJC_IMPLEMENTATIONS = YES;
				CLANG_WARN_DIRECT_OBJC_ISA_USAGE = YES_ERROR;
				CLANG_WARN_DOCUMENTATION_COMMENTS = YES;
				CLANG_WARN_EMPTY_BODY = YES;
				CLANG_WARN_ENUM_CONVERSION = YES;
				CLANG_WARN_INFINITE_RECURSION = YES;
				CLANG_WARN_INT_CONVERSION = YES;
				CLANG_WARN_NON_LITERAL_NULL_CONVERSION = YES;
				CLANG_WARN_OBJC_IMPLICIT_RETAIN_SELF = YES;
				CLANG_WARN_OBJC_LITERAL_CONVERSION = YES;
				CLANG_WARN_OBJC_ROOT_CLASS = YES_ERROR;
				CLANG_WARN_QUOTED_INCLUDE_IN_FRAMEWORK_HEADER = YES;
				CLANG_WARN_RANGE_LOOP_ANALYSIS = YES;
				CLANG_WARN_STRICT_PROTOTYPES = YES;
				CLANG_WARN_SUSPICIOUS_MOVE = YES;
				CLANG_WARN_UNGUARDED_AVAILABILITY = YES_AGGRESSIVE;
				CLANG_WARN_UNREACHABLE_CODE = YES;
				CLANG_WARN__DUPLICATE_METHOD_MATCH = YES;
				COPY_PHASE_STRIP = NO;
				DEBUG_INFORMATION_FORMAT = dwarf;
				DEVELOPMENT_TEAM = PB8PTB6W8W;
				ENABLE_STRICT_OBJC_MSGSEND = YES;
				ENABLE_TESTABILITY = YES;
				ENABLE_USER_SCRIPT_SANDBOXING = YES;
				GCC_C_LANGUAGE_STANDARD = gnu17;
				GCC_DYNAMIC_NO_PIC = NO;
				GCC_NO_COMMON_BLOCKS = YES;
				GCC_OPTIMIZATION_LEVEL = 0;
				GCC_PREPROCESSOR_DEFINITIONS = (
					"DEBUG=1",
					"$(inherited)",
				);
				GCC_WARN_64_TO_32_BIT_CONVERSION = YES;
				GCC_WARN_ABOUT_RETURN_TYPE = YES_ERROR;
				GCC_WARN_UNDECLARED_SELECTOR = YES;
				GCC_WARN_UNINITIALIZED_AUTOS = YES_AGGRESSIVE;
				GCC_WARN_UNUSED_FUNCTION = YES;
				GCC_WARN_UNUSED_VARIABLE = YES;
				IPHONEOS_DEPLOYMENT_TARGET = 17.6;
				LOCALIZATION_PREFERS_STRING_CATALOGS = YES;
				MTL_ENABLE_DEBUG_INFO = INCLUDE_SOURCE;
				MTL_FAST_MATH = YES;
				ONLY_ACTIVE_ARCH = YES;
				SDKROOT = iphoneos;
				SWIFT_ACTIVE_COMPILATION_CONDITIONS = "DEBUG $(inherited)";
				SWIFT_OPTIMIZATION_LEVEL = "-Onone";
			};
			name = Debug;
		};
		391142092F8B7C8A00DB3012 /* Release */ = {
			isa = XCBuildConfiguration;
			buildSettings = {
				ALWAYS_SEARCH_USER_PATHS = NO;
				ASSETCATALOG_COMPILER_GENERATE_SWIFT_ASSET_SYMBOL_EXTENSIONS = YES;
				CLANG_ANALYZER_NONNULL = YES;
				CLANG_ANALYZER_NUMBER_OBJECT_CONVERSION = YES_AGGRESSIVE;
				CLANG_CXX_LANGUAGE_STANDARD = "gnu++20";
				CLANG_ENABLE_MODULES = YES;
				CLANG_ENABLE_OBJC_ARC = YES;
				CLANG_ENABLE_OBJC_WEAK = YES;
				CLANG_WARN_BLOCK_CAPTURE_AUTORELEASING = YES;
				CLANG_WARN_BOOL_CONVERSION = YES;
				CLANG_WARN_COMMA = YES;
				CLANG_WARN_CONSTANT_CONVERSION = YES;
				CLANG_WARN_DEPRECATED_OBJC_IMPLEMENTATIONS = YES;
				CLANG_WARN_DIRECT_OBJC_ISA_USAGE = YES_ERROR;
				CLANG_WARN_DOCUMENTATION_COMMENTS = YES;
				CLANG_WARN_EMPTY_BODY = YES;
				CLANG_WARN_ENUM_CONVERSION = YES;
				CLANG_WARN_INFINITE_RECURSION = YES;
				CLANG_WARN_INT_CONVERSION = YES;
				CLANG_WARN_NON_LITERAL_NULL_CONVERSION = YES;
				CLANG_WARN_OBJC_IMPLICIT_RETAIN_SELF = YES;
				CLANG_WARN_OBJC_LITERAL_CONVERSION = YES;
				CLANG_WARN_OBJC_ROOT_CLASS = YES_ERROR;
				CLANG_WARN_QUOTED_INCLUDE_IN_FRAMEWORK_HEADER = YES;
				CLANG_WARN_RANGE_LOOP_ANALYSIS = YES;
				CLANG_WARN_STRICT_PROTOTYPES = YES;
				CLANG_WARN_SUSPICIOUS_MOVE = YES;
				CLANG_WARN_UNGUARDED_AVAILABILITY = YES_AGGRESSIVE;
				CLANG_WARN_UNREACHABLE_CODE = YES;
				CLANG_WARN__DUPLICATE_METHOD_MATCH = YES;
				COPY_PHASE_STRIP = NO;
				DEBUG_INFORMATION_FORMAT = "dwarf-with-dsym";
				DEVELOPMENT_TEAM = PB8PTB6W8W;
				ENABLE_NS_ASSERTIONS = NO;
				ENABLE_STRICT_OBJC_MSGSEND = YES;
				ENABLE_USER_SCRIPT_SANDBOXING = YES;
				GCC_C_LANGUAGE_STANDARD = gnu17;
				GCC_NO_COMMON_BLOCKS = YES;
				GCC_WARN_64_TO_32_BIT_CONVERSION = YES;
				GCC_WARN_ABOUT_RETURN_TYPE = YES_ERROR;
				GCC_WARN_UNDECLARED_SELECTOR = YES;
				GCC_WARN_UNINITIALIZED_AUTOS = YES_AGGRESSIVE;
				GCC_WARN_UNUSED_FUNCTION = YES;
				GCC_WARN_UNUSED_VARIABLE = YES;
				IPHONEOS_DEPLOYMENT_TARGET = 17.6;
				LOCALIZATION_PREFERS_STRING_CATALOGS = YES;
				MTL_ENABLE_DEBUG_INFO = NO;
				MTL_FAST_MATH = YES;
				SDKROOT = iphoneos;
				SWIFT_COMPILATION_MODE = wholemodule;
				VALIDATE_PRODUCT = YES;
			};
			name = Release;
		};
		3911420B2F8B7C8A00DB3012 /* Debug */ = {
			isa = XCBuildConfiguration;
			buildSettings = {
				ASSETCATALOG_COMPILER_APPICON_NAME = AppIcon;
				ASSETCATALOG_COMPILER_GLOBAL_ACCENT_COLOR_NAME = AccentColor;
				CODE_SIGN_STYLE = Automatic;
				CURRENT_PROJECT_VERSION = 1;
				DEVELOPMENT_TEAM = PB8PTB6W8W;
				ENABLE_PREVIEWS = YES;
				GENERATE_INFOPLIST_FILE = YES;
				INFOPLIST_KEY_NSCameraUsageDescription = "Kamera wird zum Erkennen von Karten verwendet.";
				INFOPLIST_KEY_NSPhotoLibraryUsageDescription = "Fotos werden fuer den Karten-Scan verwendet.";
				INFOPLIST_KEY_PHPhotoLibraryPreventAutomaticLimitedAccessAlert = YES;
				INFOPLIST_KEY_STACKDEX_CONVEX_LOOKUP_PATH = "cards:lookup";
				INFOPLIST_KEY_STACKDEX_CONVEX_LOOKUP_SCHEMA_VERSION = cards.lookup.v1;
				INFOPLIST_KEY_STACKDEX_CONVEX_URL = "https://backend.stackdex.de";
				INFOPLIST_KEY_UIApplicationSceneManifest_Generation = YES;
				INFOPLIST_KEY_UIApplicationSupportsIndirectInputEvents = YES;
				INFOPLIST_KEY_UILaunchScreen_Generation = YES;
				INFOPLIST_KEY_UISupportedInterfaceOrientations = UIInterfaceOrientationPortrait;
				INFOPLIST_KEY_UISupportedInterfaceOrientations_iPad = "UIInterfaceOrientationLandscapeLeft UIInterfaceOrientationLandscapeRight UIInterfaceOrientationPortrait UIInterfaceOrientationPortraitUpsideDown";
				IPHONEOS_DEPLOYMENT_TARGET = 17.6;
				LD_RUNPATH_SEARCH_PATHS = (
					"$(inherited)",
					"@executable_path/Frameworks",
				);
				MARKETING_VERSION = 1.0;
				PRODUCT_BUNDLE_IDENTIFIER = dev.matthiasmeister.StackDex;
				PRODUCT_NAME = "$(TARGET_NAME)";
				STRING_CATALOG_GENERATE_SYMBOLS = YES;
				SUPPORTED_PLATFORMS = "iphoneos iphonesimulator";
				SUPPORTS_MACCATALYST = NO;
				SUPPORTS_MAC_DESIGNED_FOR_IPHONE_IPAD = NO;
				SUPPORTS_XR_DESIGNED_FOR_IPHONE_IPAD = NO;
				SWIFT_APPROACHABLE_CONCURRENCY = YES;
				SWIFT_DEFAULT_ACTOR_ISOLATION = MainActor;
				SWIFT_EMIT_LOC_STRINGS = YES;
				SWIFT_UPCOMING_FEATURE_MEMBER_IMPORT_VISIBILITY = YES;
				SWIFT_VERSION = 5.0;
				TARGETED_DEVICE_FAMILY = 1;
			};
			name = Debug;
		};
		3911420C2F8B7C8A00DB3012 /* Release */ = {
			isa = XCBuildConfiguration;
			buildSettings = {
				ASSETCATALOG_COMPILER_APPICON_NAME = AppIcon;
				ASSETCATALOG_COMPILER_GLOBAL_ACCENT_COLOR_NAME = AccentColor;
				CODE_SIGN_STYLE = Automatic;
				CURRENT_PROJECT_VERSION = 1;
				DEVELOPMENT_TEAM = PB8PTB6W8W;
				ENABLE_PREVIEWS = YES;
				GENERATE_INFOPLIST_FILE = YES;
				INFOPLIST_KEY_NSCameraUsageDescription = "Kamera wird zum Erkennen von Karten verwendet.";
				INFOPLIST_KEY_NSPhotoLibraryUsageDescription = "Fotos werden fuer den Karten-Scan verwendet.";
				INFOPLIST_KEY_PHPhotoLibraryPreventAutomaticLimitedAccessAlert = YES;
				INFOPLIST_KEY_STACKDEX_CONVEX_LOOKUP_PATH = "cards:lookup";
				INFOPLIST_KEY_STACKDEX_CONVEX_LOOKUP_SCHEMA_VERSION = cards.lookup.v1;
				INFOPLIST_KEY_STACKDEX_CONVEX_URL = "https://backend.stackdex.de";
				INFOPLIST_KEY_UIApplicationSceneManifest_Generation = YES;
				INFOPLIST_KEY_UIApplicationSupportsIndirectInputEvents = YES;
				INFOPLIST_KEY_UILaunchScreen_Generation = YES;
				INFOPLIST_KEY_UISupportedInterfaceOrientations = UIInterfaceOrientationPortrait;
				INFOPLIST_KEY_UISupportedInterfaceOrientations_iPad = "UIInterfaceOrientationLandscapeLeft UIInterfaceOrientationLandscapeRight UIInterfaceOrientationPortrait UIInterfaceOrientationPortraitUpsideDown";
				IPHONEOS_DEPLOYMENT_TARGET = 17.6;
				LD_RUNPATH_SEARCH_PATHS = (
					"$(inherited)",
					"@executable_path/Frameworks",
				);
				MARKETING_VERSION = 1.0;
				PRODUCT_BUNDLE_IDENTIFIER = dev.matthiasmeister.StackDex;
				PRODUCT_NAME = "$(TARGET_NAME)";
				STRING_CATALOG_GENERATE_SYMBOLS = YES;
				SUPPORTED_PLATFORMS = "iphoneos iphonesimulator";
				SUPPORTS_MACCATALYST = NO;
				SUPPORTS_MAC_DESIGNED_FOR_IPHONE_IPAD = NO;
				SUPPORTS_XR_DESIGNED_FOR_IPHONE_IPAD = NO;
				SWIFT_APPROACHABLE_CONCURRENCY = YES;
				SWIFT_DEFAULT_ACTOR_ISOLATION = MainActor;
				SWIFT_EMIT_LOC_STRINGS = YES;
				SWIFT_UPCOMING_FEATURE_MEMBER_IMPORT_VISIBILITY = YES;
				SWIFT_VERSION = 5.0;
				TARGETED_DEVICE_FAMILY = 1;
			};
			name = Release;
		};
		3911420E2F8B7C8A00DB3012 /* Debug */ = {
			isa = XCBuildConfiguration;
			buildSettings = {
				BUNDLE_LOADER = "$(TEST_HOST)";
				CODE_SIGN_STYLE = Automatic;
				CURRENT_PROJECT_VERSION = 1;
				DEVELOPMENT_TEAM = PB8PTB6W8W;
				GENERATE_INFOPLIST_FILE = YES;
				IPHONEOS_DEPLOYMENT_TARGET = 17.6;
				MARKETING_VERSION = 1.0;
				PRODUCT_BUNDLE_IDENTIFIER = dev.matthiasmeister.StackDexTests;
				PRODUCT_NAME = "$(TARGET_NAME)";
				STRING_CATALOG_GENERATE_SYMBOLS = NO;
				SWIFT_APPROACHABLE_CONCURRENCY = YES;
				SWIFT_EMIT_LOC_STRINGS = NO;
				SWIFT_UPCOMING_FEATURE_MEMBER_IMPORT_VISIBILITY = YES;
				SWIFT_VERSION = 5.0;
				TARGETED_DEVICE_FAMILY = "1,2";
				TEST_HOST = "$(BUILT_PRODUCTS_DIR)/StackDex.app/$(BUNDLE_EXECUTABLE_FOLDER_PATH)/StackDex";
			};
			name = Debug;
		};
		3911420F2F8B7C8A00DB3012 /* Release */ = {
			isa = XCBuildConfiguration;
			buildSettings = {
				BUNDLE_LOADER = "$(TEST_HOST)";
				CODE_SIGN_STYLE = Automatic;
				CURRENT_PROJECT_VERSION = 1;
				DEVELOPMENT_TEAM = PB8PTB6W8W;
				GENERATE_INFOPLIST_FILE = YES;
				IPHONEOS_DEPLOYMENT_TARGET = 17.6;
				MARKETING_VERSION = 1.0;
				PRODUCT_BUNDLE_IDENTIFIER = dev.matthiasmeister.StackDexTests;
				PRODUCT_NAME = "$(TARGET_NAME)";
				STRING_CATALOG_GENERATE_SYMBOLS = NO;
				SWIFT_APPROACHABLE_CONCURRENCY = YES;
				SWIFT_EMIT_LOC_STRINGS = NO;
				SWIFT_UPCOMING_FEATURE_MEMBER_IMPORT_VISIBILITY = YES;
				SWIFT_VERSION = 5.0;
				TARGETED_DEVICE_FAMILY = "1,2";
				TEST_HOST = "$(BUILT_PRODUCTS_DIR)/StackDex.app/$(BUNDLE_EXECUTABLE_FOLDER_PATH)/StackDex";
			};
			name = Release;
		};
		391142112F8B7C8A00DB3012 /* Debug */ = {
			isa = XCBuildConfiguration;
			buildSettings = {
				CODE_SIGN_STYLE = Automatic;
				CURRENT_PROJECT_VERSION = 1;
				DEVELOPMENT_TEAM = PB8PTB6W8W;
				GENERATE_INFOPLIST_FILE = YES;
				MARKETING_VERSION = 1.0;
				PRODUCT_BUNDLE_IDENTIFIER = dev.matthiasmeister.StackDexUITests;
				PRODUCT_NAME = "$(TARGET_NAME)";
				STRING_CATALOG_GENERATE_SYMBOLS = NO;
				SWIFT_APPROACHABLE_CONCURRENCY = YES;
				SWIFT_EMIT_LOC_STRINGS = NO;
				SWIFT_UPCOMING_FEATURE_MEMBER_IMPORT_VISIBILITY = YES;
				SWIFT_VERSION = 5.0;
				TARGETED_DEVICE_FAMILY = "1,2";
				TEST_TARGET_NAME = StackDex;
			};
			name = Debug;
		};
		391142122F8B7C8A00DB3012 /* Release */ = {
			isa = XCBuildConfiguration;
			buildSettings = {
				CODE_SIGN_STYLE = Automatic;
				CURRENT_PROJECT_VERSION = 1;
				DEVELOPMENT_TEAM = PB8PTB6W8W;
				GENERATE_INFOPLIST_FILE = YES;
				MARKETING_VERSION = 1.0;
				PRODUCT_BUNDLE_IDENTIFIER = dev.matthiasmeister.StackDexUITests;
				PRODUCT_NAME = "$(TARGET_NAME)";
				STRING_CATALOG_GENERATE_SYMBOLS = NO;
				SWIFT_APPROACHABLE_CONCURRENCY = YES;
				SWIFT_EMIT_LOC_STRINGS = NO;
				SWIFT_UPCOMING_FEATURE_MEMBER_IMPORT_VISIBILITY = YES;
				SWIFT_VERSION = 5.0;
				TARGETED_DEVICE_FAMILY = "1,2";
				TEST_TARGET_NAME = StackDex;
			};
			name = Release;
		};
/* End XCBuildConfiguration section */

/* Begin XCConfigurationList section */
		391141E22F8B7C8800DB3012 /* Build configuration list for PBXProject "StackDex" */ = {
			isa = XCConfigurationList;
			buildConfigurations = (
				391142082F8B7C8A00DB3012 /* Debug */,
				391142092F8B7C8A00DB3012 /* Release */,
			);
			defaultConfigurationIsVisible = 0;
			defaultConfigurationName = Release;
		};
		3911420A2F8B7C8A00DB3012 /* Build configuration list for PBXNativeTarget "StackDex" */ = {
			isa = XCConfigurationList;
			buildConfigurations = (
				3911420B2F8B7C8A00DB3012 /* Debug */,
				3911420C2F8B7C8A00DB3012 /* Release */,
			);
			defaultConfigurationIsVisible = 0;
			defaultConfigurationName = Release;
		};
		3911420D2F8B7C8A00DB3012 /* Build configuration list for PBXNativeTarget "StackDexTests" */ = {
			isa = XCConfigurationList;
			buildConfigurations = (
				3911420E2F8B7C8A00DB3012 /* Debug */,
				3911420F2F8B7C8A00DB3012 /* Release */,
			);
			defaultConfigurationIsVisible = 0;
			defaultConfigurationName = Release;
		};
		391142102F8B7C8A00DB3012 /* Build configuration list for PBXNativeTarget "StackDexUITests" */ = {
			isa = XCConfigurationList;
			buildConfigurations = (
				391142112F8B7C8A00DB3012 /* Debug */,
				391142122F8B7C8A00DB3012 /* Release */,
			);
			defaultConfigurationIsVisible = 0;
			defaultConfigurationName = Release;
		};
/* End XCConfigurationList section */
	};
	rootObject = 391141DF2F8B7C8800DB3012 /* Project object */;
}
